
Microsoft Visual Studio Solution File, Format Version 12.00
# Visual Studio Version 16
VisualStudioVersion = 16.0.28809.33
MinimumVisualStudioVersion = 10.0.40219.1
Project("{2150E333-8FDC-42A3-9474-1A3956D46DE8}") = "Samples", "Samples", "{1A6663AC-4F1F-40AD-8D03-0B0977ED466D}"
	ProjectSection(SolutionItems) = preProject
		..\Samples\README.md = ..\Samples\README.md
	EndProjectSection
EndProject
Project("{2150E333-8FDC-42A3-9474-1A3956D46DE8}") = "Tests", "Tests", "{2279CD95-5886-4777-B019-E66683CE32F1}"
EndProject
Project("{2150E333-8FDC-42A3-9474-1A3956D46DE8}") = "Solution Items", "Solution Items", "{C2B1D7B3-E943-4EA3-88B0-94433B49080C}"
	ProjectSection(SolutionItems) = preProject
		.editorconfig = .editorconfig
		..\README.md = ..\README.md
		Upgrade.txt = Upgrade.txt
	EndProjectSection
EndProject
Project("{9A19103F-16F7-4668-BE54-9A1E7A4F7556}") = "Fluxor", "Fluxor\Fluxor.csproj", "{863909D3-7E81-4240-8C0A-6F57768D28FF}"
EndProject
Project("{2150E333-8FDC-42A3-9474-1A3956D46DE8}") = "Blazor.Web", "Blazor.Web", "{A143115C-F0CD-42A5-9DBB-31F4857D8729}"
EndProject
Project("{9A19103F-16F7-4668-BE54-9A1E7A4F7556}") = "Fluxor.UnitTests", "..\Tests\Fluxor.UnitTests\Fluxor.UnitTests.csproj", "{1C0017E0-BF78-4E09-9763-E0D1907DF5AF}"
EndProject
Project("{9A19103F-16F7-4668-BE54-9A1E7A4F7556}") = "Fluxor.Blazor.Web", "Fluxor.Blazor.Web\Fluxor.Blazor.Web.csproj", "{6289FEA3-4F01-4100-BB4B-6F8938203886}"
EndProject
Project("{9A19103F-16F7-4668-BE54-9A1E7A4F7556}") = "Fluxor.Blazor.Web.UnitTests", "..\Tests\Fluxor.Blazor.Web.UnitTests\Fluxor.Blazor.Web.UnitTests.csproj", "{2163CE42-F884-4A6D-907A-840CE1C7D3A6}"
EndProject
Project("{2150E333-8FDC-42A3-9474-1A3956D46DE8}") = "01 CounterSample", "01 CounterSample", "{14D676FF-AC1C-4912-81D0-9B98B8B090D8}"
EndProject
Project("{9A19103F-16F7-4668-BE54-9A1E7A4F7556}") = "FluxorBlazorWeb.CounterSample", "..\Samples\Blazor\01CounterSample\CounterSample\FluxorBlazorWeb.CounterSample.csproj", "{E4E667AC-8CFE-4632-99D0-56DD69117DD2}"
EndProject
Project("{2150E333-8FDC-42A3-9474-1A3956D46DE8}") = "02 EffectsSample", "02 EffectsSample", "{730B26CD-CADC-4CF0-8A1D-3BB174692A40}"
EndProject
Project("{9A19103F-16F7-4668-BE54-9A1E7A4F7556}") = "FluxorBlazorWeb.EffectsSample.Server", "..\Samples\Blazor\02EffectsSample\EffectsSample\Server\FluxorBlazorWeb.EffectsSample.Server.csproj", "{01E13581-FD37-4595-A9DC-37BFAA77864F}"
EndProject
Project("{9A19103F-16F7-4668-BE54-9A1E7A4F7556}") = "FluxorBlazorWeb.EffectsSample.Client", "..\Samples\Blazor\02EffectsSample\EffectsSample\Client\FluxorBlazorWeb.EffectsSample.Client.csproj", "{2C5214A3-24D8-4A11-8F9E-91964D3ACF2B}"
EndProject
Project("{9A19103F-16F7-4668-BE54-9A1E7A4F7556}") = "FluxorBlazorWeb.EffectsSample.Shared", "..\Samples\Blazor\02EffectsSample\EffectsSample\Shared\FluxorBlazorWeb.EffectsSample.Shared.csproj", "{E776EB53-8E10-4002-A98A-064667E090AC}"
EndProject
Project("{2150E333-8FDC-42A3-9474-1A3956D46DE8}") = "03 ReduxDevToolsSample", "03 ReduxDevToolsSample", "{0555A496-56DB-45D0-9618-BEF456ABA67B}"
EndProject
Project("{9A19103F-16F7-4668-BE54-9A1E7A4F7556}") = "Fluxor.Blazor.Web.ReduxDevTools", "Fluxor.Blazor.Web.ReduxDevTools\Fluxor.Blazor.Web.ReduxDevTools.csproj", "{E33D5229-FFD7-410B-99E4-5FA2E02CCAFE}"
EndProject
Project("{9A19103F-16F7-4668-BE54-9A1E7A4F7556}") = "ReduxDevToolsSample.Server", "..\Samples\Blazor\03ReduxDevToolsSample\ReduxDevToolsSample\Server\ReduxDevToolsSample.Server.csproj", "{69A0F2C5-481B-4B77-954A-E5CDD278D336}"
EndProject
Project("{9A19103F-16F7-4668-BE54-9A1E7A4F7556}") = "ReduxDevToolsSample.Client", "..\Samples\Blazor\03ReduxDevToolsSample\ReduxDevToolsSample\Client\ReduxDevToolsSample.Client.csproj", "{CF6492F5-7E58-4CA7-A950-75CFC4676B6D}"
EndProject
Project("{9A19103F-16F7-4668-BE54-9A1E7A4F7556}") = "ReduxDevToolsSample.Shared", "..\Samples\Blazor\03ReduxDevToolsSample\ReduxDevToolsSample\Shared\ReduxDevToolsSample.Shared.csproj", "{89981135-CA37-4339-963C-1CD17BDE8FBD}"
EndProject
Project("{2150E333-8FDC-42A3-9474-1A3956D46DE8}") = "04 MiddlewareSample", "04 MiddlewareSample", "{F1016E3F-9840-4C96-AC62-C69B0A177005}"
EndProject
Project("{9A19103F-16F7-4668-BE54-9A1E7A4F7556}") = "MiddlewareSample.Server", "..\Samples\Blazor\04MiddlewareSample\MiddlewareSample\Server\MiddlewareSample.Server.csproj", "{C5FEF754-CDCB-453C-924E-58FB3BB5F551}"
EndProject
Project("{9A19103F-16F7-4668-BE54-9A1E7A4F7556}") = "MiddlewareSample.Client", "..\Samples\Blazor\04MiddlewareSample\MiddlewareSample\Client\MiddlewareSample.Client.csproj", "{7627287C-4254-4CA1-A4F7-F694B78E80C4}"
EndProject
Project("{9A19103F-16F7-4668-BE54-9A1E7A4F7556}") = "MiddlewareSample.Shared", "..\Samples\Blazor\04MiddlewareSample\MiddlewareSample\Shared\MiddlewareSample.Shared.csproj", "{EF468D50-CA42-4589-B37E-8E4EF32C05A7}"
EndProject
Global
	GlobalSection(SolutionConfigurationPlatforms) = preSolution
		Debug|Any CPU = Debug|Any CPU
		Debug|iPhone = Debug|iPhone
		Debug|iPhoneSimulator = Debug|iPhoneSimulator
		Release|Any CPU = Release|Any CPU
		Release|iPhone = Release|iPhone
		Release|iPhoneSimulator = Release|iPhoneSimulator
	EndGlobalSection
	GlobalSection(ProjectConfigurationPlatforms) = postSolution
		{863909D3-7E81-4240-8C0A-6F57768D28FF}.Debug|Any CPU.ActiveCfg = Debug|Any CPU
		{863909D3-7E81-4240-8C0A-6F57768D28FF}.Debug|Any CPU.Build.0 = Debug|Any CPU
		{863909D3-7E81-4240-8C0A-6F57768D28FF}.Debug|iPhone.ActiveCfg = Debug|Any CPU
		{863909D3-7E81-4240-8C0A-6F57768D28FF}.Debug|iPhone.Build.0 = Debug|Any CPU
		{863909D3-7E81-4240-8C0A-6F57768D28FF}.Debug|iPhoneSimulator.ActiveCfg = Debug|Any CPU
		{863909D3-7E81-4240-8C0A-6F57768D28FF}.Debug|iPhoneSimulator.Build.0 = Debug|Any CPU
		{863909D3-7E81-4240-8C0A-6F57768D28FF}.Release|Any CPU.ActiveCfg = Release|Any CPU
		{863909D3-7E81-4240-8C0A-6F57768D28FF}.Release|Any CPU.Build.0 = Release|Any CPU
		{863909D3-7E81-4240-8C0A-6F57768D28FF}.Release|iPhone.ActiveCfg = Release|Any CPU
		{863909D3-7E81-4240-8C0A-6F57768D28FF}.Release|iPhone.Build.0 = Release|Any CPU
		{863909D3-7E81-4240-8C0A-6F57768D28FF}.Release|iPhoneSimulator.ActiveCfg = Release|Any CPU
		{863909D3-7E81-4240-8C0A-6F57768D28FF}.Release|iPhoneSimulator.Build.0 = Release|Any CPU
		{1C0017E0-BF78-4E09-9763-E0D1907DF5AF}.Debug|Any CPU.ActiveCfg = Debug|Any CPU
		{1C0017E0-BF78-4E09-9763-E0D1907DF5AF}.Debug|Any CPU.Build.0 = Debug|Any CPU
		{1C0017E0-BF78-4E09-9763-E0D1907DF5AF}.Debug|iPhone.ActiveCfg = Debug|Any CPU
		{1C0017E0-BF78-4E09-9763-E0D1907DF5AF}.Debug|iPhone.Build.0 = Debug|Any CPU
		{1C0017E0-BF78-4E09-9763-E0D1907DF5AF}.Debug|iPhoneSimulator.ActiveCfg = Debug|Any CPU
		{1C0017E0-BF78-4E09-9763-E0D1907DF5AF}.Debug|iPhoneSimulator.Build.0 = Debug|Any CPU
		{1C0017E0-BF78-4E09-9763-E0D1907DF5AF}.Release|Any CPU.ActiveCfg = Release|Any CPU
		{1C0017E0-BF78-4E09-9763-E0D1907DF5AF}.Release|Any CPU.Build.0 = Release|Any CPU
		{1C0017E0-BF78-4E09-9763-E0D1907DF5AF}.Release|iPhone.ActiveCfg = Release|Any CPU
		{1C0017E0-BF78-4E09-9763-E0D1907DF5AF}.Release|iPhone.Build.0 = Release|Any CPU
		{1C0017E0-BF78-4E09-9763-E0D1907DF5AF}.Release|iPhoneSimulator.ActiveCfg = Release|Any CPU
		{1C0017E0-BF78-4E09-9763-E0D1907DF5AF}.Release|iPhoneSimulator.Build.0 = Release|Any CPU
		{6289FEA3-4F01-4100-BB4B-6F8938203886}.Debug|Any CPU.ActiveCfg = Debug|Any CPU
		{6289FEA3-4F01-4100-BB4B-6F8938203886}.Debug|Any CPU.Build.0 = Debug|Any CPU
		{6289FEA3-4F01-4100-BB4B-6F8938203886}.Debug|iPhone.ActiveCfg = Debug|Any CPU
		{6289FEA3-4F01-4100-BB4B-6F8938203886}.Debug|iPhone.Build.0 = Debug|Any CPU
		{6289FEA3-4F01-4100-BB4B-6F8938203886}.Debug|iPhoneSimulator.ActiveCfg = Debug|Any CPU
		{6289FEA3-4F01-4100-BB4B-6F8938203886}.Debug|iPhoneSimulator.Build.0 = Debug|Any CPU
		{6289FEA3-4F01-4100-BB4B-6F8938203886}.Release|Any CPU.ActiveCfg = Release|Any CPU
		{6289FEA3-4F01-4100-BB4B-6F8938203886}.Release|Any CPU.Build.0 = Release|Any CPU
		{6289FEA3-4F01-4100-BB4B-6F8938203886}.Release|iPhone.ActiveCfg = Release|Any CPU
		{6289FEA3-4F01-4100-BB4B-6F8938203886}.Release|iPhone.Build.0 = Release|Any CPU
		{6289FEA3-4F01-4100-BB4B-6F8938203886}.Release|iPhoneSimulator.ActiveCfg = Release|Any CPU
		{6289FEA3-4F01-4100-BB4B-6F8938203886}.Release|iPhoneSimulator.Build.0 = Release|Any CPU
		{2163CE42-F884-4A6D-907A-840CE1C7D3A6}.Debug|Any CPU.ActiveCfg = Debug|Any CPU
		{2163CE42-F884-4A6D-907A-840CE1C7D3A6}.Debug|Any CPU.Build.0 = Debug|Any CPU
		{2163CE42-F884-4A6D-907A-840CE1C7D3A6}.Debug|iPhone.ActiveCfg = Debug|Any CPU
		{2163CE42-F884-4A6D-907A-840CE1C7D3A6}.Debug|iPhone.Build.0 = Debug|Any CPU
		{2163CE42-F884-4A6D-907A-840CE1C7D3A6}.Debug|iPhoneSimulator.ActiveCfg = Debug|Any CPU
		{2163CE42-F884-4A6D-907A-840CE1C7D3A6}.Debug|iPhoneSimulator.Build.0 = Debug|Any CPU
		{2163CE42-F884-4A6D-907A-840CE1C7D3A6}.Release|Any CPU.ActiveCfg = Release|Any CPU
		{2163CE42-F884-4A6D-907A-840CE1C7D3A6}.Release|Any CPU.Build.0 = Release|Any CPU
		{2163CE42-F884-4A6D-907A-840CE1C7D3A6}.Release|iPhone.ActiveCfg = Release|Any CPU
		{2163CE42-F884-4A6D-907A-840CE1C7D3A6}.Release|iPhone.Build.0 = Release|Any CPU
		{2163CE42-F884-4A6D-907A-840CE1C7D3A6}.Release|iPhoneSimulator.ActiveCfg = Release|Any CPU
		{2163CE42-F884-4A6D-907A-840CE1C7D3A6}.Release|iPhoneSimulator.Build.0 = Release|Any CPU
		{E4E667AC-8CFE-4632-99D0-56DD69117DD2}.Debug|Any CPU.ActiveCfg = Debug|Any CPU
		{E4E667AC-8CFE-4632-99D0-56DD69117DD2}.Debug|Any CPU.Build.0 = Debug|Any CPU
		{E4E667AC-8CFE-4632-99D0-56DD69117DD2}.Debug|iPhone.ActiveCfg = Debug|Any CPU
		{E4E667AC-8CFE-4632-99D0-56DD69117DD2}.Debug|iPhone.Build.0 = Debug|Any CPU
		{E4E667AC-8CFE-4632-99D0-56DD69117DD2}.Debug|iPhoneSimulator.ActiveCfg = Debug|Any CPU
		{E4E667AC-8CFE-4632-99D0-56DD69117DD2}.Debug|iPhoneSimulator.Build.0 = Debug|Any CPU
		{E4E667AC-8CFE-4632-99D0-56DD69117DD2}.Release|Any CPU.ActiveCfg = Release|Any CPU
		{E4E667AC-8CFE-4632-99D0-56DD69117DD2}.Release|Any CPU.Build.0 = Release|Any CPU
		{E4E667AC-8CFE-4632-99D0-56DD69117DD2}.Release|iPhone.ActiveCfg = Release|Any CPU
		{E4E667AC-8CFE-4632-99D0-56DD69117DD2}.Release|iPhone.Build.0 = Release|Any CPU
		{E4E667AC-8CFE-4632-99D0-56DD69117DD2}.Release|iPhoneSimulator.ActiveCfg = Release|Any CPU
		{E4E667AC-8CFE-4632-99D0-56DD69117DD2}.Release|iPhoneSimulator.Build.0 = Release|Any CPU
		{01E13581-FD37-4595-A9DC-37BFAA77864F}.Debug|Any CPU.ActiveCfg = Debug|Any CPU
		{01E13581-FD37-4595-A9DC-37BFAA77864F}.Debug|Any CPU.Build.0 = Debug|Any CPU
		{01E13581-FD37-4595-A9DC-37BFAA77864F}.Debug|iPhone.ActiveCfg = Debug|Any CPU
		{01E13581-FD37-4595-A9DC-37BFAA77864F}.Debug|iPhone.Build.0 = Debug|Any CPU
		{01E13581-FD37-4595-A9DC-37BFAA77864F}.Debug|iPhoneSimulator.ActiveCfg = Debug|Any CPU
		{01E13581-FD37-4595-A9DC-37BFAA77864F}.Debug|iPhoneSimulator.Build.0 = Debug|Any CPU
		{01E13581-FD37-4595-A9DC-37BFAA77864F}.Release|Any CPU.ActiveCfg = Release|Any CPU
		{01E13581-FD37-4595-A9DC-37BFAA77864F}.Release|Any CPU.Build.0 = Release|Any CPU
		{01E13581-FD37-4595-A9DC-37BFAA77864F}.Release|iPhone.ActiveCfg = Release|Any CPU
		{01E13581-FD37-4595-A9DC-37BFAA77864F}.Release|iPhone.Build.0 = Release|Any CPU
		{01E13581-FD37-4595-A9DC-37BFAA77864F}.Release|iPhoneSimulator.ActiveCfg = Release|Any CPU
		{01E13581-FD37-4595-A9DC-37BFAA77864F}.Release|iPhoneSimulator.Build.0 = Release|Any CPU
		{2C5214A3-24D8-4A11-8F9E-91964D3ACF2B}.Debug|Any CPU.ActiveCfg = Debug|Any CPU
		{2C5214A3-24D8-4A11-8F9E-91964D3ACF2B}.Debug|Any CPU.Build.0 = Debug|Any CPU
		{2C5214A3-24D8-4A11-8F9E-91964D3ACF2B}.Debug|iPhone.ActiveCfg = Debug|Any CPU
		{2C5214A3-24D8-4A11-8F9E-91964D3ACF2B}.Debug|iPhone.Build.0 = Debug|Any CPU
		{2C5214A3-24D8-4A11-8F9E-91964D3ACF2B}.Debug|iPhoneSimulator.ActiveCfg = Debug|Any CPU
		{2C5214A3-24D8-4A11-8F9E-91964D3ACF2B}.Debug|iPhoneSimulator.Build.0 = Debug|Any CPU
		{2C5214A3-24D8-4A11-8F9E-91964D3ACF2B}.Release|Any CPU.ActiveCfg = Release|Any CPU
		{2C5214A3-24D8-4A11-8F9E-91964D3ACF2B}.Release|Any CPU.Build.0 = Release|Any CPU
		{2C5214A3-24D8-4A11-8F9E-91964D3ACF2B}.Release|iPhone.ActiveCfg = Release|Any CPU
		{2C5214A3-24D8-4A11-8F9E-91964D3ACF2B}.Release|iPhone.Build.0 = Release|Any CPU
		{2C5214A3-24D8-4A11-8F9E-91964D3ACF2B}.Release|iPhoneSimulator.ActiveCfg = Release|Any CPU
		{2C5214A3-24D8-4A11-8F9E-91964D3ACF2B}.Release|iPhoneSimulator.Build.0 = Release|Any CPU
		{E776EB53-8E10-4002-A98A-064667E090AC}.Debug|Any CPU.ActiveCfg = Debug|Any CPU
		{E776EB53-8E10-4002-A98A-064667E090AC}.Debug|Any CPU.Build.0 = Debug|Any CPU
		{E776EB53-8E10-4002-A98A-064667E090AC}.Debug|iPhone.ActiveCfg = Debug|Any CPU
		{E776EB53-8E10-4002-A98A-064667E090AC}.Debug|iPhone.Build.0 = Debug|Any CPU
		{E776EB53-8E10-4002-A98A-064667E090AC}.Debug|iPhoneSimulator.ActiveCfg = Debug|Any CPU
		{E776EB53-8E10-4002-A98A-064667E090AC}.Debug|iPhoneSimulator.Build.0 = Debug|Any CPU
		{E776EB53-8E10-4002-A98A-064667E090AC}.Release|Any CPU.ActiveCfg = Release|Any CPU
		{E776EB53-8E10-4002-A98A-064667E090AC}.Release|Any CPU.Build.0 = Release|Any CPU
		{E776EB53-8E10-4002-A98A-064667E090AC}.Release|iPhone.ActiveCfg = Release|Any CPU
		{E776EB53-8E10-4002-A98A-064667E090AC}.Release|iPhone.Build.0 = Release|Any CPU
		{E776EB53-8E10-4002-A98A-064667E090AC}.Release|iPhoneSimulator.ActiveCfg = Release|Any CPU
		{E776EB53-8E10-4002-A98A-064667E090AC}.Release|iPhoneSimulator.Build.0 = Release|Any CPU
		{E33D5229-FFD7-410B-99E4-5FA2E02CCAFE}.Debug|Any CPU.ActiveCfg = Debug|Any CPU
		{E33D5229-FFD7-410B-99E4-5FA2E02CCAFE}.Debug|Any CPU.Build.0 = Debug|Any CPU
		{E33D5229-FFD7-410B-99E4-5FA2E02CCAFE}.Debug|iPhone.ActiveCfg = Debug|Any CPU
		{E33D5229-FFD7-410B-99E4-5FA2E02CCAFE}.Debug|iPhone.Build.0 = Debug|Any CPU
		{E33D5229-FFD7-410B-99E4-5FA2E02CCAFE}.Debug|iPhoneSimulator.ActiveCfg = Debug|Any CPU
		{E33D5229-FFD7-410B-99E4-5FA2E02CCAFE}.Debug|iPhoneSimulator.Build.0 = Debug|Any CPU
		{E33D5229-FFD7-410B-99E4-5FA2E02CCAFE}.Release|Any CPU.ActiveCfg = Release|Any CPU
		{E33D5229-FFD7-410B-99E4-5FA2E02CCAFE}.Release|Any CPU.Build.0 = Release|Any CPU
		{E33D5229-FFD7-410B-99E4-5FA2E02CCAFE}.Release|iPhone.ActiveCfg = Release|Any CPU
		{E33D5229-FFD7-410B-99E4-5FA2E02CCAFE}.Release|iPhone.Build.0 = Release|Any CPU
		{E33D5229-FFD7-410B-99E4-5FA2E02CCAFE}.Release|iPhoneSimulator.ActiveCfg = Release|Any CPU
		{E33D5229-FFD7-410B-99E4-5FA2E02CCAFE}.Release|iPhoneSimulator.Build.0 = Release|Any CPU
		{69A0F2C5-481B-4B77-954A-E5CDD278D336}.Debug|Any CPU.ActiveCfg = Debug|Any CPU
		{69A0F2C5-481B-4B77-954A-E5CDD278D336}.Debug|Any CPU.Build.0 = Debug|Any CPU
		{69A0F2C5-481B-4B77-954A-E5CDD278D336}.Debug|iPhone.ActiveCfg = Debug|Any CPU
		{69A0F2C5-481B-4B77-954A-E5CDD278D336}.Debug|iPhone.Build.0 = Debug|Any CPU
		{69A0F2C5-481B-4B77-954A-E5CDD278D336}.Debug|iPhoneSimulator.ActiveCfg = Debug|Any CPU
		{69A0F2C5-481B-4B77-954A-E5CDD278D336}.Debug|iPhoneSimulator.Build.0 = Debug|Any CPU
		{69A0F2C5-481B-4B77-954A-E5CDD278D336}.Release|Any CPU.ActiveCfg = Release|Any CPU
		{69A0F2C5-481B-4B77-954A-E5CDD278D336}.Release|Any CPU.Build.0 = Release|Any CPU
		{69A0F2C5-481B-4B77-954A-E5CDD278D336}.Release|iPhone.ActiveCfg = Release|Any CPU
		{69A0F2C5-481B-4B77-954A-E5CDD278D336}.Release|iPhone.Build.0 = Release|Any CPU
		{69A0F2C5-481B-4B77-954A-E5CDD278D336}.Release|iPhoneSimulator.ActiveCfg = Release|Any CPU
		{69A0F2C5-481B-4B77-954A-E5CDD278D336}.Release|iPhoneSimulator.Build.0 = Release|Any CPU
		{CF6492F5-7E58-4CA7-A950-75CFC4676B6D}.Debug|Any CPU.ActiveCfg = Debug|Any CPU
		{CF6492F5-7E58-4CA7-A950-75CFC4676B6D}.Debug|Any CPU.Build.0 = Debug|Any CPU
		{CF6492F5-7E58-4CA7-A950-75CFC4676B6D}.Debug|iPhone.ActiveCfg = Debug|Any CPU
		{CF6492F5-7E58-4CA7-A950-75CFC4676B6D}.Debug|iPhone.Build.0 = Debug|Any CPU
		{CF6492F5-7E58-4CA7-A950-75CFC4676B6D}.Debug|iPhoneSimulator.ActiveCfg = Debug|Any CPU
		{CF6492F5-7E58-4CA7-A950-75CFC4676B6D}.Debug|iPhoneSimulator.Build.0 = Debug|Any CPU
		{CF6492F5-7E58-4CA7-A950-75CFC4676B6D}.Release|Any CPU.ActiveCfg = Release|Any CPU
		{CF6492F5-7E58-4CA7-A950-75CFC4676B6D}.Release|Any CPU.Build.0 = Release|Any CPU
		{CF6492F5-7E58-4CA7-A950-75CFC4676B6D}.Release|iPhone.ActiveCfg = Release|Any CPU
		{CF6492F5-7E58-4CA7-A950-75CFC4676B6D}.Release|iPhone.Build.0 = Release|Any CPU
		{CF6492F5-7E58-4CA7-A950-75CFC4676B6D}.Release|iPhoneSimulator.ActiveCfg = Release|Any CPU
		{CF6492F5-7E58-4CA7-A950-75CFC4676B6D}.Release|iPhoneSimulator.Build.0 = Release|Any CPU
		{89981135-CA37-4339-963C-1CD17BDE8FBD}.Debug|Any CPU.ActiveCfg = Debug|Any CPU
		{89981135-CA37-4339-963C-1CD17BDE8FBD}.Debug|Any CPU.Build.0 = Debug|Any CPU
		{89981135-CA37-4339-963C-1CD17BDE8FBD}.Debug|iPhone.ActiveCfg = Debug|Any CPU
		{89981135-CA37-4339-963C-1CD17BDE8FBD}.Debug|iPhone.Build.0 = Debug|Any CPU
		{89981135-CA37-4339-963C-1CD17BDE8FBD}.Debug|iPhoneSimulator.ActiveCfg = Debug|Any CPU
		{89981135-CA37-4339-963C-1CD17BDE8FBD}.Debug|iPhoneSimulator.Build.0 = Debug|Any CPU
		{89981135-CA37-4339-963C-1CD17BDE8FBD}.Release|Any CPU.ActiveCfg = Release|Any CPU
		{89981135-CA37-4339-963C-1CD17BDE8FBD}.Release|Any CPU.Build.0 = Release|Any CPU
		{89981135-CA37-4339-963C-1CD17BDE8FBD}.Release|iPhone.ActiveCfg = Release|Any CPU
		{89981135-CA37-4339-963C-1CD17BDE8FBD}.Release|iPhone.Build.0 = Release|Any CPU
		{89981135-CA37-4339-963C-1CD17BDE8FBD}.Release|iPhoneSimulator.ActiveCfg = Release|Any CPU
		{89981135-CA37-4339-963C-1CD17BDE8FBD}.Release|iPhoneSimulator.Build.0 = Release|Any CPU
		{C5FEF754-CDCB-453C-924E-58FB3BB5F551}.Debug|Any CPU.ActiveCfg = Debug|Any CPU
		{C5FEF754-CDCB-453C-924E-58FB3BB5F551}.Debug|Any CPU.Build.0 = Debug|Any CPU
		{C5FEF754-CDCB-453C-924E-58FB3BB5F551}.Debug|iPhone.ActiveCfg = Debug|Any CPU
		{C5FEF754-CDCB-453C-924E-58FB3BB5F551}.Debug|iPhone.Build.0 = Debug|Any CPU
		{C5FEF754-CDCB-453C-924E-58FB3BB5F551}.Debug|iPhoneSimulator.ActiveCfg = Debug|Any CPU
		{C5FEF754-CDCB-453C-924E-58FB3BB5F551}.Debug|iPhoneSimulator.Build.0 = Debug|Any CPU
		{C5FEF754-CDCB-453C-924E-58FB3BB5F551}.Release|Any CPU.ActiveCfg = Release|Any CPU
		{C5FEF754-CDCB-453C-924E-58FB3BB5F551}.Release|Any CPU.Build.0 = Release|Any CPU
		{C5FEF754-CDCB-453C-924E-58FB3BB5F551}.Release|iPhone.ActiveCfg = Release|Any CPU
		{C5FEF754-CDCB-453C-924E-58FB3BB5F551}.Release|iPhone.Build.0 = Release|Any CPU
		{C5FEF754-CDCB-453C-924E-58FB3BB5F551}.Release|iPhoneSimulator.ActiveCfg = Release|Any CPU
		{C5FEF754-CDCB-453C-924E-58FB3BB5F551}.Release|iPhoneSimulator.Build.0 = Release|Any CPU
		{7627287C-4254-4CA1-A4F7-F694B78E80C4}.Debug|Any CPU.ActiveCfg = Debug|Any CPU
		{7627287C-4254-4CA1-A4F7-F694B78E80C4}.Debug|Any CPU.Build.0 = Debug|Any CPU
		{7627287C-4254-4CA1-A4F7-F694B78E80C4}.Debug|iPhone.ActiveCfg = Debug|Any CPU
		{7627287C-4254-4CA1-A4F7-F694B78E80C4}.Debug|iPhone.Build.0 = Debug|Any CPU
		{7627287C-4254-4CA1-A4F7-F694B78E80C4}.Debug|iPhoneSimulator.ActiveCfg = Debug|Any CPU
		{7627287C-4254-4CA1-A4F7-F694B78E80C4}.Debug|iPhoneSimulator.Build.0 = Debug|Any CPU
		{7627287C-4254-4CA1-A4F7-F694B78E80C4}.Release|Any CPU.ActiveCfg = Release|Any CPU
		{7627287C-4254-4CA1-A4F7-F694B78E80C4}.Release|Any CPU.Build.0 = Release|Any CPU
		{7627287C-4254-4CA1-A4F7-F694B78E80C4}.Release|iPhone.ActiveCfg = Release|Any CPU
		{7627287C-4254-4CA1-A4F7-F694B78E80C4}.Release|iPhone.Build.0 = Release|Any CPU
		{7627287C-4254-4CA1-A4F7-F694B78E80C4}.Release|iPhoneSimulator.ActiveCfg = Release|Any CPU
		{7627287C-4254-4CA1-A4F7-F694B78E80C4}.Release|iPhoneSimulator.Build.0 = Release|Any CPU
		{EF468D50-CA42-4589-B37E-8E4EF32C05A7}.Debug|Any CPU.ActiveCfg = Debug|Any CPU
		{EF468D50-CA42-4589-B37E-8E4EF32C05A7}.Debug|Any CPU.Build.0 = Debug|Any CPU
		{EF468D50-CA42-4589-B37E-8E4EF32C05A7}.Debug|iPhone.ActiveCfg = Debug|Any CPU
		{EF468D50-CA42-4589-B37E-8E4EF32C05A7}.Debug|iPhone.Build.0 = Debug|Any CPU
		{EF468D50-CA42-4589-B37E-8E4EF32C05A7}.Debug|iPhoneSimulator.ActiveCfg = Debug|Any CPU
		{EF468D50-CA42-4589-B37E-8E4EF32C05A7}.Debug|iPhoneSimulator.Build.0 = Debug|Any CPU
		{EF468D50-CA42-4589-B37E-8E4EF32C05A7}.Release|Any CPU.ActiveCfg = Release|Any CPU
		{EF468D50-CA42-4589-B37E-8E4EF32C05A7}.Release|Any CPU.Build.0 = Release|Any CPU
		{EF468D50-CA42-4589-B37E-8E4EF32C05A7}.Release|iPhone.ActiveCfg = Release|Any CPU
		{EF468D50-CA42-4589-B37E-8E4EF32C05A7}.Release|iPhone.Build.0 = Release|Any CPU
		{EF468D50-CA42-4589-B37E-8E4EF32C05A7}.Release|iPhoneSimulator.ActiveCfg = Release|Any CPU
		{EF468D50-CA42-4589-B37E-8E4EF32C05A7}.Release|iPhoneSimulator.Build.0 = Release|Any CPU
	EndGlobalSection
	GlobalSection(SolutionProperties) = preSolution
		HideSolutionNode = FALSE
	EndGlobalSection
	GlobalSection(NestedProjects) = preSolution
		{A143115C-F0CD-42A5-9DBB-31F4857D8729} = {1A6663AC-4F1F-40AD-8D03-0B0977ED466D}
		{1C0017E0-BF78-4E09-9763-E0D1907DF5AF} = {2279CD95-5886-4777-B019-E66683CE32F1}
		{2163CE42-F884-4A6D-907A-840CE1C7D3A6} = {2279CD95-5886-4777-B019-E66683CE32F1}
		{14D676FF-AC1C-4912-81D0-9B98B8B090D8} = {A143115C-F0CD-42A5-9DBB-31F4857D8729}
		{E4E667AC-8CFE-4632-99D0-56DD69117DD2} = {14D676FF-AC1C-4912-81D0-9B98B8B090D8}
		{730B26CD-CADC-4CF0-8A1D-3BB174692A40} = {A143115C-F0CD-42A5-9DBB-31F4857D8729}
		{01E13581-FD37-4595-A9DC-37BFAA77864F} = {730B26CD-CADC-4CF0-8A1D-3BB174692A40}
		{2C5214A3-24D8-4A11-8F9E-91964D3ACF2B} = {730B26CD-CADC-4CF0-8A1D-3BB174692A40}
		{E776EB53-8E10-4002-A98A-064667E090AC} = {730B26CD-CADC-4CF0-8A1D-3BB174692A40}
		{0555A496-56DB-45D0-9618-BEF456ABA67B} = {A143115C-F0CD-42A5-9DBB-31F4857D8729}
		{69A0F2C5-481B-4B77-954A-E5CDD278D336} = {0555A496-56DB-45D0-9618-BEF456ABA67B}
		{CF6492F5-7E58-4CA7-A950-75CFC4676B6D} = {0555A496-56DB-45D0-9618-BEF456ABA67B}
		{89981135-CA37-4339-963C-1CD17BDE8FBD} = {0555A496-56DB-45D0-9618-BEF456ABA67B}
		{F1016E3F-9840-4C96-AC62-C69B0A177005} = {A143115C-F0CD-42A5-9DBB-31F4857D8729}
		{C5FEF754-CDCB-453C-924E-58FB3BB5F551} = {F1016E3F-9840-4C96-AC62-C69B0A177005}
		{7627287C-4254-4CA1-A4F7-F694B78E80C4} = {F1016E3F-9840-4C96-AC62-C69B0A177005}
		{EF468D50-CA42-4589-B37E-8E4EF32C05A7} = {F1016E3F-9840-4C96-AC62-C69B0A177005}
	EndGlobalSection
	GlobalSection(ExtensibilityGlobals) = postSolution
		SolutionGuid = {B1F2E0DF-C651-48A3-83E3-3B77D34EC3A2}
	EndGlobalSection
EndGlobal
