
Microsoft Visual Studio Solution File, Format Version 12.00
# Visual Studio Version 16
VisualStudioVersion = 16.0.28809.33
MinimumVisualStudioVersion = 10.0.40219.1
Project("{2150E333-8FDC-42A3-9474-1A3956D46DE8}") = "Samples", "Samples", "{1A6663AC-4F1F-40AD-8D03-0B0977ED466D}"
EndProject
Project("{2150E333-8FDC-42A3-9474-1A3956D46DE8}") = "Tests", "Tests", "{2279CD95-5886-4777-B019-E66683CE32F1}"
EndProject
Project("{2150E333-8FDC-42A3-9474-1A3956D46DE8}") = "Solution Items", "Solution Items", "{C2B1D7B3-E943-4EA3-88B0-94433B49080C}"
	ProjectSection(SolutionItems) = preProject
		.editorconfig = .editorconfig
		Upgrade.txt = Upgrade.txt
	EndProjectSection
EndProject
Project("{9A19103F-16F7-4668-BE54-9A1E7A4F7556}") = "Fluxor", "Fluxor\Fluxor.csproj", "{863909D3-7E81-4240-8C0A-6F57768D28FF}"
EndProject
Project("{2150E333-8FDC-42A3-9474-1A3956D46DE8}") = "Blazor.Web", "Blazor.Web", "{A143115C-F0CD-42A5-9DBB-31F4857D8729}"
EndProject
Project("{9A19103F-16F7-4668-BE54-9A1E7A4F7556}") = "Fluxor.UnitTests", "..\Tests\Fluxor.UnitTests\Fluxor.UnitTests.csproj", "{1C0017E0-BF78-4E09-9763-E0D1907DF5AF}"
EndProject
Project("{9A19103F-16F7-4668-BE54-9A1E7A4F7556}") = "Fluxor.Blazor.Web", "Fluxor.Blazor.Web\Fluxor.Blazor.Web.csproj", "{6289FEA3-4F01-4100-BB4B-6F8938203886}"
EndProject
Project("{FAE04EC0-301F-11D3-BF4B-00C04F79EFBC}") = "Fluxor.Blazor.Web.UnitTests", "Fluxor.Blazor.Web.UnitTests\Fluxor.Blazor.Web.UnitTests.csproj", "{2163CE42-F884-4A6D-907A-840CE1C7D3A6}"
EndProject
Project("{2150E333-8FDC-42A3-9474-1A3956D46DE8}") = "01 CounterSample", "01 CounterSample", "{14D676FF-AC1C-4912-81D0-9B98B8B090D8}"
EndProject
Project("{FAE04EC0-301F-11D3-BF4B-00C04F79EFBC}") = "CounterSample", "..\Samples\Blazor\01CounterSample\CounterSample\CounterSample.csproj", "{E4E667AC-8CFE-4632-99D0-56DD69117DD2}"
EndProject
Global
	GlobalSection(SolutionConfigurationPlatforms) = preSolution
		Debug|Any CPU = Debug|Any CPU
		Debug|iPhone = Debug|iPhone
		Debug|iPhoneSimulator = Debug|iPhoneSimulator
		Release|Any CPU = Release|Any CPU
		Release|iPhone = Release|iPhone
		Release|iPhoneSimulator = Release|iPhoneSimulator
	EndGlobalSection
	GlobalSection(ProjectConfigurationPlatforms) = postSolution
		{863909D3-7E81-4240-8C0A-6F57768D28FF}.Debug|Any CPU.ActiveCfg = Debug|Any CPU
		{863909D3-7E81-4240-8C0A-6F57768D28FF}.Debug|Any CPU.Build.0 = Debug|Any CPU
		{863909D3-7E81-4240-8C0A-6F57768D28FF}.Debug|iPhone.ActiveCfg = Debug|Any CPU
		{863909D3-7E81-4240-8C0A-6F57768D28FF}.Debug|iPhone.Build.0 = Debug|Any CPU
		{863909D3-7E81-4240-8C0A-6F57768D28FF}.Debug|iPhoneSimulator.ActiveCfg = Debug|Any CPU
		{863909D3-7E81-4240-8C0A-6F57768D28FF}.Debug|iPhoneSimulator.Build.0 = Debug|Any CPU
		{863909D3-7E81-4240-8C0A-6F57768D28FF}.Release|Any CPU.ActiveCfg = Release|Any CPU
		{863909D3-7E81-4240-8C0A-6F57768D28FF}.Release|Any CPU.Build.0 = Release|Any CPU
		{863909D3-7E81-4240-8C0A-6F57768D28FF}.Release|iPhone.ActiveCfg = Release|Any CPU
		{863909D3-7E81-4240-8C0A-6F57768D28FF}.Release|iPhone.Build.0 = Release|Any CPU
		{863909D3-7E81-4240-8C0A-6F57768D28FF}.Release|iPhoneSimulator.ActiveCfg = Release|Any CPU
		{863909D3-7E81-4240-8C0A-6F57768D28FF}.Release|iPhoneSimulator.Build.0 = Release|Any CPU
		{1C0017E0-BF78-4E09-9763-E0D1907DF5AF}.Debug|Any CPU.ActiveCfg = Debug|Any CPU
		{1C0017E0-BF78-4E09-9763-E0D1907DF5AF}.Debug|Any CPU.Build.0 = Debug|Any CPU
		{1C0017E0-BF78-4E09-9763-E0D1907DF5AF}.Debug|iPhone.ActiveCfg = Debug|Any CPU
		{1C0017E0-BF78-4E09-9763-E0D1907DF5AF}.Debug|iPhone.Build.0 = Debug|Any CPU
		{1C0017E0-BF78-4E09-9763-E0D1907DF5AF}.Debug|iPhoneSimulator.ActiveCfg = Debug|Any CPU
		{1C0017E0-BF78-4E09-9763-E0D1907DF5AF}.Debug|iPhoneSimulator.Build.0 = Debug|Any CPU
		{1C0017E0-BF78-4E09-9763-E0D1907DF5AF}.Release|Any CPU.ActiveCfg = Release|Any CPU
		{1C0017E0-BF78-4E09-9763-E0D1907DF5AF}.Release|Any CPU.Build.0 = Release|Any CPU
		{1C0017E0-BF78-4E09-9763-E0D1907DF5AF}.Release|iPhone.ActiveCfg = Release|Any CPU
		{1C0017E0-BF78-4E09-9763-E0D1907DF5AF}.Release|iPhone.Build.0 = Release|Any CPU
		{1C0017E0-BF78-4E09-9763-E0D1907DF5AF}.Release|iPhoneSimulator.ActiveCfg = Release|Any CPU
		{1C0017E0-BF78-4E09-9763-E0D1907DF5AF}.Release|iPhoneSimulator.Build.0 = Release|Any CPU
		{6289FEA3-4F01-4100-BB4B-6F8938203886}.Debug|Any CPU.ActiveCfg = Debug|Any CPU
		{6289FEA3-4F01-4100-BB4B-6F8938203886}.Debug|Any CPU.Build.0 = Debug|Any CPU
		{6289FEA3-4F01-4100-BB4B-6F8938203886}.Debug|iPhone.ActiveCfg = Debug|Any CPU
		{6289FEA3-4F01-4100-BB4B-6F8938203886}.Debug|iPhone.Build.0 = Debug|Any CPU
		{6289FEA3-4F01-4100-BB4B-6F8938203886}.Debug|iPhoneSimulator.ActiveCfg = Debug|Any CPU
		{6289FEA3-4F01-4100-BB4B-6F8938203886}.Debug|iPhoneSimulator.Build.0 = Debug|Any CPU
		{6289FEA3-4F01-4100-BB4B-6F8938203886}.Release|Any CPU.ActiveCfg = Release|Any CPU
		{6289FEA3-4F01-4100-BB4B-6F8938203886}.Release|Any CPU.Build.0 = Release|Any CPU
		{6289FEA3-4F01-4100-BB4B-6F8938203886}.Release|iPhone.ActiveCfg = Release|Any CPU
		{6289FEA3-4F01-4100-BB4B-6F8938203886}.Release|iPhone.Build.0 = Release|Any CPU
		{6289FEA3-4F01-4100-BB4B-6F8938203886}.Release|iPhoneSimulator.ActiveCfg = Release|Any CPU
		{6289FEA3-4F01-4100-BB4B-6F8938203886}.Release|iPhoneSimulator.Build.0 = Release|Any CPU
		{2163CE42-F884-4A6D-907A-840CE1C7D3A6}.Debug|Any CPU.ActiveCfg = Debug|Any CPU
		{2163CE42-F884-4A6D-907A-840CE1C7D3A6}.Debug|Any CPU.Build.0 = Debug|Any CPU
		{2163CE42-F884-4A6D-907A-840CE1C7D3A6}.Debug|iPhone.ActiveCfg = Debug|Any CPU
		{2163CE42-F884-4A6D-907A-840CE1C7D3A6}.Debug|iPhone.Build.0 = Debug|Any CPU
		{2163CE42-F884-4A6D-907A-840CE1C7D3A6}.Debug|iPhoneSimulator.ActiveCfg = Debug|Any CPU
		{2163CE42-F884-4A6D-907A-840CE1C7D3A6}.Debug|iPhoneSimulator.Build.0 = Debug|Any CPU
		{2163CE42-F884-4A6D-907A-840CE1C7D3A6}.Release|Any CPU.ActiveCfg = Release|Any CPU
		{2163CE42-F884-4A6D-907A-840CE1C7D3A6}.Release|Any CPU.Build.0 = Release|Any CPU
		{2163CE42-F884-4A6D-907A-840CE1C7D3A6}.Release|iPhone.ActiveCfg = Release|Any CPU
		{2163CE42-F884-4A6D-907A-840CE1C7D3A6}.Release|iPhone.Build.0 = Release|Any CPU
		{2163CE42-F884-4A6D-907A-840CE1C7D3A6}.Release|iPhoneSimulator.ActiveCfg = Release|Any CPU
		{2163CE42-F884-4A6D-907A-840CE1C7D3A6}.Release|iPhoneSimulator.Build.0 = Release|Any CPU
		{E4E667AC-8CFE-4632-99D0-56DD69117DD2}.Debug|Any CPU.ActiveCfg = Debug|Any CPU
		{E4E667AC-8CFE-4632-99D0-56DD69117DD2}.Debug|Any CPU.Build.0 = Debug|Any CPU
		{E4E667AC-8CFE-4632-99D0-56DD69117DD2}.Debug|iPhone.ActiveCfg = Debug|Any CPU
		{E4E667AC-8CFE-4632-99D0-56DD69117DD2}.Debug|iPhone.Build.0 = Debug|Any CPU
		{E4E667AC-8CFE-4632-99D0-56DD69117DD2}.Debug|iPhoneSimulator.ActiveCfg = Debug|Any CPU
		{E4E667AC-8CFE-4632-99D0-56DD69117DD2}.Debug|iPhoneSimulator.Build.0 = Debug|Any CPU
		{E4E667AC-8CFE-4632-99D0-56DD69117DD2}.Release|Any CPU.ActiveCfg = Release|Any CPU
		{E4E667AC-8CFE-4632-99D0-56DD69117DD2}.Release|Any CPU.Build.0 = Release|Any CPU
		{E4E667AC-8CFE-4632-99D0-56DD69117DD2}.Release|iPhone.ActiveCfg = Release|Any CPU
		{E4E667AC-8CFE-4632-99D0-56DD69117DD2}.Release|iPhone.Build.0 = Release|Any CPU
		{E4E667AC-8CFE-4632-99D0-56DD69117DD2}.Release|iPhoneSimulator.ActiveCfg = Release|Any CPU
		{E4E667AC-8CFE-4632-99D0-56DD69117DD2}.Release|iPhoneSimulator.Build.0 = Release|Any CPU
	EndGlobalSection
	GlobalSection(SolutionProperties) = preSolution
		HideSolutionNode = FALSE
	EndGlobalSection
	GlobalSection(NestedProjects) = preSolution
		{A143115C-F0CD-42A5-9DBB-31F4857D8729} = {1A6663AC-4F1F-40AD-8D03-0B0977ED466D}
		{1C0017E0-BF78-4E09-9763-E0D1907DF5AF} = {2279CD95-5886-4777-B019-E66683CE32F1}
		{2163CE42-F884-4A6D-907A-840CE1C7D3A6} = {2279CD95-5886-4777-B019-E66683CE32F1}
		{14D676FF-AC1C-4912-81D0-9B98B8B090D8} = {A143115C-F0CD-42A5-9DBB-31F4857D8729}
		{E4E667AC-8CFE-4632-99D0-56DD69117DD2} = {14D676FF-AC1C-4912-81D0-9B98B8B090D8}
	EndGlobalSection
	GlobalSection(ExtensibilityGlobals) = postSolution
		SolutionGuid = {B1F2E0DF-C651-48A3-83E3-3B77D34EC3A2}
	EndGlobalSection
EndGlobal
